
Microsoft Visual Studio Solution File, Format Version 12.00
# Visual Studio Version 17
VisualStudioVersion = 17.1.32319.34
MinimumVisualStudioVersion = 10.0.40219.1
Project("{FAE04EC0-301F-11D3-BF4B-00C04F79EFBC}") = "MVVM", "MVVM\MVVM.csproj", "{50F62D01-9B31-4711-8A80-78D57E3FF95B}"
EndProject
Global
	GlobalSection(SolutionConfigurationPlatforms) = preSolution
		Debug|Any CPU = Debug|Any CPU
		Release|Any CPU = Release|Any CPU
	EndGlobalSection
	GlobalSection(ProjectConfigurationPlatforms) = postSolution
		{50F62D01-9B31-4711-8A80-78D57E3FF95B}.Debug|Any CPU.ActiveCfg = Debug|Any CPU
		{50F62D01-9B31-4711-8A80-78D57E3FF95B}.Debug|Any CPU.Build.0 = Debug|Any CPU
		{50F62D01-9B31-4711-8A80-78D57E3FF95B}.Release|Any CPU.ActiveCfg = Release|Any CPU
		{50F62D01-9B31-4711-8A80-78D57E3FF95B}.Release|Any CPU.Build.0 = Release|Any CPU
	EndGlobalSection
	GlobalSection(SolutionProperties) = preSolution
		HideSolutionNode = FALSE
	EndGlobalSection
	GlobalSection(ExtensibilityGlobals) = postSolution
		SolutionGuid = {DBA18217-2FA4-41FD-8C7F-B1F5D692556F}
	EndGlobalSection
EndGlobal
